
Microsoft Visual Studio Solution File, Format Version 12.00
# Visual Studio Version 17
VisualStudioVersion = 17.6.33829.357
MinimumVisualStudioVersion = 10.0.40219.1
Project("{FAE04EC0-301F-11D3-BF4B-00C04F79EFBC}") = "FO4BuildRandomiser", "FO4BuildRandomiser\FO4BuildRandomiser.csproj", "{39CC6BD7-58A8-4968-9289-679F439CD86E}"
EndProject
Project("{2150E333-8FDC-42A3-9474-1A3956D46DE8}") = "Solution Items", "Solution Items", "{76A1CCCC-889B-4188-8F1E-D0B154EB9EA9}"
	ProjectSection(SolutionItems) = preProject
		README.md = README.md
	EndProjectSection
EndProject
Global
	GlobalSection(SolutionConfigurationPlatforms) = preSolution
		Debug|Any CPU = Debug|Any CPU
		Release|Any CPU = Release|Any CPU
	EndGlobalSection
	GlobalSection(ProjectConfigurationPlatforms) = postSolution
		{39CC6BD7-58A8-4968-9289-679F439CD86E}.Debug|Any CPU.ActiveCfg = Debug|Any CPU
		{39CC6BD7-58A8-4968-9289-679F439CD86E}.Debug|Any CPU.Build.0 = Debug|Any CPU
		{39CC6BD7-58A8-4968-9289-679F439CD86E}.Release|Any CPU.ActiveCfg = Release|Any CPU
		{39CC6BD7-58A8-4968-9289-679F439CD86E}.Release|Any CPU.Build.0 = Release|Any CPU
	EndGlobalSection
	GlobalSection(SolutionProperties) = preSolution
		HideSolutionNode = FALSE
	EndGlobalSection
	GlobalSection(ExtensibilityGlobals) = postSolution
		SolutionGuid = {9395E4D4-C5FD-462E-AE27-C28308C5E6AC}
	EndGlobalSection
EndGlobal
